
Microsoft Visual Studio Solution File, Format Version 12.00
# Visual Studio Version 17
VisualStudioVersion = 17.13.35931.197
MinimumVisualStudioVersion = 10.0.40219.1
Project("{FAE04EC0-301F-11D3-BF4B-00C04F79EFBC}") = "BadHabbits", "BadHabbits.csproj", "{CD8A0596-157D-4B3D-8E23-0A811A0F6993}"
EndProject
Project("{FAE04EC0-301F-11D3-BF4B-00C04F79EFBC}") = "BadHabbits.DataAccess", "..\BadHabbits.DataAccess\BadHabbits.DataAccess.csproj", "{827ED94E-3A13-4AA0-846C-CBCB1EE85190}"
EndProject
Global
	GlobalSection(SolutionConfigurationPlatforms) = preSolution
		Debug|Any CPU = Debug|Any CPU
		Release|Any CPU = Release|Any CPU
	EndGlobalSection
	GlobalSection(ProjectConfigurationPlatforms) = postSolution
		{CD8A0596-157D-4B3D-8E23-0A811A0F6993}.Debug|Any CPU.ActiveCfg = Debug|Any CPU
		{CD8A0596-157D-4B3D-8E23-0A811A0F6993}.Debug|Any CPU.Build.0 = Debug|Any CPU
		{CD8A0596-157D-4B3D-8E23-0A811A0F6993}.Release|Any CPU.ActiveCfg = Release|Any CPU
		{CD8A0596-157D-4B3D-8E23-0A811A0F6993}.Release|Any CPU.Build.0 = Release|Any CPU
		{827ED94E-3A13-4AA0-846C-CBCB1EE85190}.Debug|Any CPU.ActiveCfg = Debug|Any CPU
		{827ED94E-3A13-4AA0-846C-CBCB1EE85190}.Debug|Any CPU.Build.0 = Debug|Any CPU
		{827ED94E-3A13-4AA0-846C-CBCB1EE85190}.Release|Any CPU.ActiveCfg = Release|Any CPU
		{827ED94E-3A13-4AA0-846C-CBCB1EE85190}.Release|Any CPU.Build.0 = Release|Any CPU
	EndGlobalSection
	GlobalSection(SolutionProperties) = preSolution
		HideSolutionNode = FALSE
	EndGlobalSection
	GlobalSection(ExtensibilityGlobals) = postSolution
		SolutionGuid = {8A3FDF4A-C968-4456-929D-C4ADE9ECD38F}
	EndGlobalSection
EndGlobal
