
Microsoft Visual Studio Solution File, Format Version 12.00
# Visual Studio Version 17
VisualStudioVersion = 17.13.35931.197
MinimumVisualStudioVersion = 10.0.40219.1
Project("{FAE04EC0-301F-11D3-BF4B-00C04F79EFBC}") = "BadHabbits", "BadHabbits\BadHabbits.csproj", "{9A41A216-C7AE-1293-E2C6-601D1FA5EF5B}"
EndProject
Project("{FAE04EC0-301F-11D3-BF4B-00C04F79EFBC}") = "BadHabbits.DataAccess", "BadHabbits.DataAccess\BadHabbits.DataAccess.csproj", "{C3A481A1-B3E5-5E9F-A29F-BC84F5B98C62}"
EndProject
Global
	GlobalSection(SolutionConfigurationPlatforms) = preSolution
		Debug|Any CPU = Debug|Any CPU
		Release|Any CPU = Release|Any CPU
	EndGlobalSection
	GlobalSection(ProjectConfigurationPlatforms) = postSolution
		{9A41A216-C7AE-1293-E2C6-601D1FA5EF5B}.Debug|Any CPU.ActiveCfg = Debug|Any CPU
		{9A41A216-C7AE-1293-E2C6-601D1FA5EF5B}.Debug|Any CPU.Build.0 = Debug|Any CPU
		{9A41A216-C7AE-1293-E2C6-601D1FA5EF5B}.Release|Any CPU.ActiveCfg = Release|Any CPU
		{9A41A216-C7AE-1293-E2C6-601D1FA5EF5B}.Release|Any CPU.Build.0 = Release|Any CPU
		{C3A481A1-B3E5-5E9F-A29F-BC84F5B98C62}.Debug|Any CPU.ActiveCfg = Debug|Any CPU
		{C3A481A1-B3E5-5E9F-A29F-BC84F5B98C62}.Debug|Any CPU.Build.0 = Debug|Any CPU
		{C3A481A1-B3E5-5E9F-A29F-BC84F5B98C62}.Release|Any CPU.ActiveCfg = Release|Any CPU
		{C3A481A1-B3E5-5E9F-A29F-BC84F5B98C62}.Release|Any CPU.Build.0 = Release|Any CPU
	EndGlobalSection
	GlobalSection(SolutionProperties) = preSolution
		HideSolutionNode = FALSE
	EndGlobalSection
	GlobalSection(ExtensibilityGlobals) = postSolution
		SolutionGuid = {83AC4FE6-7373-4FD4-8C26-A0F6EF82F128}
	EndGlobalSection
EndGlobal
